// !$*UTF8*$!
{
	archiveVersion = 1;
	classes = {
	};
	objectVersion = 48;
	objects = {

/* Begin PBXBuildFile section */
		6B02923B208518B100DB751C /* QytetetViewController.swift in Sources */ = {isa = PBXBuildFile; fileRef = 6B02923A208518B100DB751C /* QytetetViewController.swift */; };
		6B02923D208523E200DB751C /* Qytet.swift in Sources */ = {isa = PBXBuildFile; fileRef = 6B02923C208523E200DB751C /* Qytet.swift */; };
		6B02923F2085276900DB751C /* QytetTableCell.swift in Sources */ = {isa = PBXBuildFile; fileRef = 6B02923E2085276900DB751C /* QytetTableCell.swift */; };
		6B318857203DDC3900C41625 /* SearchViewController.swift in Sources */ = {isa = PBXBuildFile; fileRef = 6B318856203DDC3900C41625 /* SearchViewController.swift */; };
		6B41FECC2059A30D00BB4A70 /* Extensions.swift in Sources */ = {isa = PBXBuildFile; fileRef = 6B41FECB2059A30D00BB4A70 /* Extensions.swift */; };
		6B5FEC1D2050699300B8F0DC /* ContentViewController.swift in Sources */ = {isa = PBXBuildFile; fileRef = 6B5FEC1C2050699300B8F0DC /* ContentViewController.swift */; };
		6B81701D2087BBAE004C8B71 /* ProduktetViewController.swift in Sources */ = {isa = PBXBuildFile; fileRef = 6B81701C2087BBAE004C8B71 /* ProduktetViewController.swift */; };
		6B8F8E27207E82A100282E01 /* Place.swift in Sources */ = {isa = PBXBuildFile; fileRef = 6B8F8E26207E82A100282E01 /* Place.swift */; };
		6B8F8E29207E83CB00282E01 /* PlacesViewController.swift in Sources */ = {isa = PBXBuildFile; fileRef = 6B8F8E28207E83CB00282E01 /* PlacesViewController.swift */; };
		6B8F8E4D207E8F7300282E01 /* CacttusEdu.xcdatamodeld in Sources */ = {isa = PBXBuildFile; fileRef = 6B8F8E4B207E8F7300282E01 /* CacttusEdu.xcdatamodeld */; };
		6B8F8E4F207E912000282E01 /* DBViewController.swift in Sources */ = {isa = PBXBuildFile; fileRef = 6B8F8E4E207E912000282E01 /* DBViewController.swift */; };
		6B907CD52062DBE0005FD717 /* CameraViewController.swift in Sources */ = {isa = PBXBuildFile; fileRef = 6B907CD42062DBE0005FD717 /* CameraViewController.swift */; };
		6B97B12F2059AF6A00D12B84 /* Inspectable.swift in Sources */ = {isa = PBXBuildFile; fileRef = 6B97B12E2059AF6A00D12B84 /* Inspectable.swift */; };
		6B9D01EB20603C4600DE1C47 /* MapKit.framework in Frameworks */ = {isa = PBXBuildFile; fileRef = 6B9D01EA20603C4600DE1C47 /* MapKit.framework */; };
		6B9D01ED20603D1500DE1C47 /* MapViewController.swift in Sources */ = {isa = PBXBuildFile; fileRef = 6B9D01EC20603D1500DE1C47 /* MapViewController.swift */; };
		6B9E3F2E208E4F4C00DFE8BE /* PostetViewController.swift in Sources */ = {isa = PBXBuildFile; fileRef = 6B9E3F2D208E4F4C00DFE8BE /* PostetViewController.swift */; };
		6B9E3F30208E5E7200DFE8BE /* Post.swift in Sources */ = {isa = PBXBuildFile; fileRef = 6B9E3F2F208E5E7200DFE8BE /* Post.swift */; };
		6BCF44C32034B62700176E6A /* AppDelegate.swift in Sources */ = {isa = PBXBuildFile; fileRef = 6BCF44C22034B62700176E6A /* AppDelegate.swift */; };
		6BCF44C52034B62700176E6A /* HomeViewController.swift in Sources */ = {isa = PBXBuildFile; fileRef = 6BCF44C42034B62700176E6A /* HomeViewController.swift */; };
		6BCF44C82034B62700176E6A /* Main.storyboard in Resources */ = {isa = PBXBuildFile; fileRef = 6BCF44C62034B62700176E6A /* Main.storyboard */; };
		6BCF44CA2034B62700176E6A /* Assets.xcassets in Resources */ = {isa = PBXBuildFile; fileRef = 6BCF44C92034B62700176E6A /* Assets.xcassets */; };
		6BCF44CD2034B62700176E6A /* LaunchScreen.storyboard in Resources */ = {isa = PBXBuildFile; fileRef = 6BCF44CB2034B62700176E6A /* LaunchScreen.storyboard */; };
		6BCF44D52034C69500176E6A /* SecondViewController.swift in Sources */ = {isa = PBXBuildFile; fileRef = 6BCF44D42034C69500176E6A /* SecondViewController.swift */; };
		6BE2B2B820570E5B00DFBF24 /* TopView.swift in Sources */ = {isa = PBXBuildFile; fileRef = 6BE2B2B720570E5B00DFBF24 /* TopView.swift */; };
		6BE2B2BA20570E7D00DFBF24 /* TopView.xib in Resources */ = {isa = PBXBuildFile; fileRef = 6BE2B2B920570E7D00DFBF24 /* TopView.xib */; };
/* End PBXBuildFile section */

/* Begin PBXFileReference section */
		6B02923A208518B100DB751C /* QytetetViewController.swift */ = {isa = PBXFileReference; lastKnownFileType = sourcecode.swift; path = QytetetViewController.swift; sourceTree = "<group>"; };
		6B02923C208523E200DB751C /* Qytet.swift */ = {isa = PBXFileReference; lastKnownFileType = sourcecode.swift; path = Qytet.swift; sourceTree = "<group>"; };
		6B02923E2085276900DB751C /* QytetTableCell.swift */ = {isa = PBXFileReference; lastKnownFileType = sourcecode.swift; path = QytetTableCell.swift; sourceTree = "<group>"; };
		6B318856203DDC3900C41625 /* SearchViewController.swift */ = {isa = PBXFileReference; lastKnownFileType = sourcecode.swift; path = SearchViewController.swift; sourceTree = "<group>"; };
		6B41FECB2059A30D00BB4A70 /* Extensions.swift */ = {isa = PBXFileReference; lastKnownFileType = sourcecode.swift; path = Extensions.swift; sourceTree = "<group>"; };
		6B5FEC1C2050699300B8F0DC /* ContentViewController.swift */ = {isa = PBXFileReference; lastKnownFileType = sourcecode.swift; path = ContentViewController.swift; sourceTree = "<group>"; };
		6B81701C2087BBAE004C8B71 /* ProduktetViewController.swift */ = {isa = PBXFileReference; lastKnownFileType = sourcecode.swift; path = ProduktetViewController.swift; sourceTree = "<group>"; };
		6B8F8E26207E82A100282E01 /* Place.swift */ = {isa = PBXFileReference; lastKnownFileType = sourcecode.swift; path = Place.swift; sourceTree = "<group>"; };
		6B8F8E28207E83CB00282E01 /* PlacesViewController.swift */ = {isa = PBXFileReference; lastKnownFileType = sourcecode.swift; path = PlacesViewController.swift; sourceTree = "<group>"; };
		6B8F8E4C207E8F7300282E01 /* CacttusEdu.xcdatamodel */ = {isa = PBXFileReference; lastKnownFileType = wrapper.xcdatamodel; path = CacttusEdu.xcdatamodel; sourceTree = "<group>"; };
		6B8F8E4E207E912000282E01 /* DBViewController.swift */ = {isa = PBXFileReference; lastKnownFileType = sourcecode.swift; path = DBViewController.swift; sourceTree = "<group>"; };
		6B907CD42062DBE0005FD717 /* CameraViewController.swift */ = {isa = PBXFileReference; lastKnownFileType = sourcecode.swift; path = CameraViewController.swift; sourceTree = "<group>"; };
		6B97B12E2059AF6A00D12B84 /* Inspectable.swift */ = {isa = PBXFileReference; lastKnownFileType = sourcecode.swift; path = Inspectable.swift; sourceTree = "<group>"; };
		6B9D01EA20603C4600DE1C47 /* MapKit.framework */ = {isa = PBXFileReference; lastKnownFileType = wrapper.framework; name = MapKit.framework; path = System/Library/Frameworks/MapKit.framework; sourceTree = SDKROOT; };
		6B9D01EC20603D1500DE1C47 /* MapViewController.swift */ = {isa = PBXFileReference; lastKnownFileType = sourcecode.swift; path = MapViewController.swift; sourceTree = "<group>"; };
		6B9E3F2D208E4F4C00DFE8BE /* PostetViewController.swift */ = {isa = PBXFileReference; lastKnownFileType = sourcecode.swift; path = PostetViewController.swift; sourceTree = "<group>"; };
		6B9E3F2F208E5E7200DFE8BE /* Post.swift */ = {isa = PBXFileReference; lastKnownFileType = sourcecode.swift; path = Post.swift; sourceTree = "<group>"; };
		6BCF44BF2034B62700176E6A /* CacttusEdu.app */ = {isa = PBXFileReference; explicitFileType = wrapper.application; includeInIndex = 0; path = CacttusEdu.app; sourceTree = BUILT_PRODUCTS_DIR; };
		6BCF44C22034B62700176E6A /* AppDelegate.swift */ = {isa = PBXFileReference; lastKnownFileType = sourcecode.swift; path = AppDelegate.swift; sourceTree = "<group>"; };
		6BCF44C42034B62700176E6A /* HomeViewController.swift */ = {isa = PBXFileReference; lastKnownFileType = sourcecode.swift; path = HomeViewController.swift; sourceTree = "<group>"; };
		6BCF44C72034B62700176E6A /* Base */ = {isa = PBXFileReference; lastKnownFileType = file.storyboard; name = Base; path = Base.lproj/Main.storyboard; sourceTree = "<group>"; };
		6BCF44C92034B62700176E6A /* Assets.xcassets */ = {isa = PBXFileReference; lastKnownFileType = folder.assetcatalog; path = Assets.xcassets; sourceTree = "<group>"; };
		6BCF44CC2034B62700176E6A /* Base */ = {isa = PBXFileReference; lastKnownFileType = file.storyboard; name = Base; path = Base.lproj/LaunchScreen.storyboard; sourceTree = "<group>"; };
		6BCF44CE2034B62700176E6A /* Info.plist */ = {isa = PBXFileReference; lastKnownFileType = text.plist.xml; path = Info.plist; sourceTree = "<group>"; };
		6BCF44D42034C69500176E6A /* SecondViewController.swift */ = {isa = PBXFileReference; lastKnownFileType = sourcecode.swift; path = SecondViewController.swift; sourceTree = "<group>"; };
		6BE2B2B720570E5B00DFBF24 /* TopView.swift */ = {isa = PBXFileReference; lastKnownFileType = sourcecode.swift; path = TopView.swift; sourceTree = "<group>"; };
		6BE2B2B920570E7D00DFBF24 /* TopView.xib */ = {isa = PBXFileReference; lastKnownFileType = file.xib; path = TopView.xib; sourceTree = "<group>"; };
/* End PBXFileReference section */

/* Begin PBXFrameworksBuildPhase section */
		6BCF44BC2034B62700176E6A /* Frameworks */ = {
			isa = PBXFrameworksBuildPhase;
			buildActionMask = 2147483647;
			files = (
				6B9D01EB20603C4600DE1C47 /* MapKit.framework in Frameworks */,
			);
			runOnlyForDeploymentPostprocessing = 0;
		};
/* End PBXFrameworksBuildPhase section */

/* Begin PBXGroup section */
		6B318858203DDC4D00C41625 /* Controllers */ = {
			isa = PBXGroup;
			children = (
				6BCF44D42034C69500176E6A /* SecondViewController.swift */,
				6BCF44C42034B62700176E6A /* HomeViewController.swift */,
				6B318856203DDC3900C41625 /* SearchViewController.swift */,
				6B5FEC1C2050699300B8F0DC /* ContentViewController.swift */,
				6B9D01EC20603D1500DE1C47 /* MapViewController.swift */,
				6B907CD42062DBE0005FD717 /* CameraViewController.swift */,
				6B8F8E28207E83CB00282E01 /* PlacesViewController.swift */,
				6B8F8E4E207E912000282E01 /* DBViewController.swift */,
				6B02923A208518B100DB751C /* QytetetViewController.swift */,
				6B81701C2087BBAE004C8B71 /* ProduktetViewController.swift */,
				6B9E3F2D208E4F4C00DFE8BE /* PostetViewController.swift */,
			);
			path = Controllers;
			sourceTree = "<group>";
		};
		6B41FECA2059A28400BB4A70 /* Utilities */ = {
			isa = PBXGroup;
			children = (
				6B41FECB2059A30D00BB4A70 /* Extensions.swift */,
				6B97B12E2059AF6A00D12B84 /* Inspectable.swift */,
			);
			path = Utilities;
			sourceTree = "<group>";
		};
		6B8F8E24207E81B600282E01 /* Architecture */ = {
			isa = PBXGroup;
			children = (
				6B8F8E25207E81E600282E01 /* Models */,
				6BE2B2B620570E0E00DFBF24 /* Views */,
				6B318858203DDC4D00C41625 /* Controllers */,
			);
			path = Architecture;
			sourceTree = "<group>";
		};
		6B8F8E25207E81E600282E01 /* Models */ = {
			isa = PBXGroup;
			children = (
				6B8F8E26207E82A100282E01 /* Place.swift */,
				6B02923C208523E200DB751C /* Qytet.swift */,
				6B9E3F2F208E5E7200DFE8BE /* Post.swift */,
			);
			path = Models;
			sourceTree = "<group>";
		};
		6B9D01E920603C4600DE1C47 /* Frameworks */ = {
			isa = PBXGroup;
			children = (
				6B9D01EA20603C4600DE1C47 /* MapKit.framework */,
			);
			name = Frameworks;
			sourceTree = "<group>";
		};
		6BCF44B62034B62600176E6A = {
			isa = PBXGroup;
			children = (
				6BCF44C12034B62700176E6A /* CacttusEdu */,
				6BCF44C02034B62700176E6A /* Products */,
				6B9D01E920603C4600DE1C47 /* Frameworks */,
			);
			sourceTree = "<group>";
		};
		6BCF44C02034B62700176E6A /* Products */ = {
			isa = PBXGroup;
			children = (
				6BCF44BF2034B62700176E6A /* CacttusEdu.app */,
			);
			name = Products;
			sourceTree = "<group>";
		};
		6BCF44C12034B62700176E6A /* CacttusEdu */ = {
			isa = PBXGroup;
			children = (
				6BCF44C22034B62700176E6A /* AppDelegate.swift */,
				6BCF44C62034B62700176E6A /* Main.storyboard */,
				6B8F8E24207E81B600282E01 /* Architecture */,
				6B41FECA2059A28400BB4A70 /* Utilities */,
				6BCF44CB2034B62700176E6A /* LaunchScreen.storyboard */,
				6BCF44C92034B62700176E6A /* Assets.xcassets */,
				6BCF44CE2034B62700176E6A /* Info.plist */,
				6B8F8E4B207E8F7300282E01 /* CacttusEdu.xcdatamodeld */,
			);
			path = CacttusEdu;
			sourceTree = "<group>";
		};
		6BE2B2B620570E0E00DFBF24 /* Views */ = {
			isa = PBXGroup;
			children = (
				6BE2B2B720570E5B00DFBF24 /* TopView.swift */,
				6BE2B2B920570E7D00DFBF24 /* TopView.xib */,
				6B02923E2085276900DB751C /* QytetTableCell.swift */,
			);
			path = Views;
			sourceTree = "<group>";
		};
/* End PBXGroup section */

/* Begin PBXNativeTarget section */
		6BCF44BE2034B62700176E6A /* CacttusEdu */ = {
			isa = PBXNativeTarget;
			buildConfigurationList = 6BCF44D12034B62700176E6A /* Build configuration list for PBXNativeTarget "CacttusEdu" */;
			buildPhases = (
				6BCF44BB2034B62700176E6A /* Sources */,
				6BCF44BC2034B62700176E6A /* Frameworks */,
				6BCF44BD2034B62700176E6A /* Resources */,
			);
			buildRules = (
			);
			dependencies = (
			);
			name = CacttusEdu;
			productName = CacttusEdu;
			productReference = 6BCF44BF2034B62700176E6A /* CacttusEdu.app */;
			productType = "com.apple.product-type.application";
		};
/* End PBXNativeTarget section */

/* Begin PBXProject section */
		6BCF44B72034B62600176E6A /* Project object */ = {
			isa = PBXProject;
			attributes = {
				LastSwiftUpdateCheck = 0920;
				LastUpgradeCheck = 0920;
				ORGANIZATIONNAME = CacttusEdu;
				TargetAttributes = {
					6BCF44BE2034B62700176E6A = {
						CreatedOnToolsVersion = 9.2;
						ProvisioningStyle = Automatic;
					};
				};
			};
			buildConfigurationList = 6BCF44BA2034B62600176E6A /* Build configuration list for PBXProject "CacttusEdu" */;
			compatibilityVersion = "Xcode 8.0";
			developmentRegion = en;
			hasScannedForEncodings = 0;
			knownRegions = (
				en,
				Base,
			);
			mainGroup = 6BCF44B62034B62600176E6A;
			productRefGroup = 6BCF44C02034B62700176E6A /* Products */;
			projectDirPath = "";
			projectRoot = "";
			targets = (
				6BCF44BE2034B62700176E6A /* CacttusEdu */,
			);
		};
/* End PBXProject section */

/* Begin PBXResourcesBuildPhase section */
		6BCF44BD2034B62700176E6A /* Resources */ = {
			isa = PBXResourcesBuildPhase;
			buildActionMask = 2147483647;
			files = (
				6BCF44CD2034B62700176E6A /* LaunchScreen.storyboard in Resources */,
				6BCF44CA2034B62700176E6A /* Assets.xcassets in Resources */,
				6BE2B2BA20570E7D00DFBF24 /* TopView.xib in Resources */,
				6BCF44C82034B62700176E6A /* Main.storyboard in Resources */,
			);
			runOnlyForDeploymentPostprocessing = 0;
		};
/* End PBXResourcesBuildPhase section */

/* Begin PBXSourcesBuildPhase section */
		6BCF44BB2034B62700176E6A /* Sources */ = {
			isa = PBXSourcesBuildPhase;
			buildActionMask = 2147483647;
			files = (
				6B8F8E29207E83CB00282E01 /* PlacesViewController.swift in Sources */,
				6B5FEC1D2050699300B8F0DC /* ContentViewController.swift in Sources */,
				6B907CD52062DBE0005FD717 /* CameraViewController.swift in Sources */,
				6BCF44D52034C69500176E6A /* SecondViewController.swift in Sources */,
				6B8F8E4F207E912000282E01 /* DBViewController.swift in Sources */,
				6BCF44C52034B62700176E6A /* HomeViewController.swift in Sources */,
				6B318857203DDC3900C41625 /* SearchViewController.swift in Sources */,
				6B9D01ED20603D1500DE1C47 /* MapViewController.swift in Sources */,
				6B02923F2085276900DB751C /* QytetTableCell.swift in Sources */,
				6BE2B2B820570E5B00DFBF24 /* TopView.swift in Sources */,
				6BCF44C32034B62700176E6A /* AppDelegate.swift in Sources */,
				6B8F8E4D207E8F7300282E01 /* CacttusEdu.xcdatamodeld in Sources */,
				6B97B12F2059AF6A00D12B84 /* Inspectable.swift in Sources */,
				6B02923B208518B100DB751C /* QytetetViewController.swift in Sources */,
				6B9E3F2E208E4F4C00DFE8BE /* PostetViewController.swift in Sources */,
				6B02923D208523E200DB751C /* Qytet.swift in Sources */,
				6B8F8E27207E82A100282E01 /* Place.swift in Sources */,
				6B41FECC2059A30D00BB4A70 /* Extensions.swift in Sources */,
				6B81701D2087BBAE004C8B71 /* ProduktetViewController.swift in Sources */,
				6B9E3F30208E5E7200DFE8BE /* Post.swift in Sources */,
			);
			runOnlyForDeploymentPostprocessing = 0;
		};
/* End PBXSourcesBuildPhase section */

/* Begin PBXVariantGroup section */
		6BCF44C62034B62700176E6A /* Main.storyboard */ = {
			isa = PBXVariantGroup;
			children = (
				6BCF44C72034B62700176E6A /* Base */,
			);
			name = Main.storyboard;
			sourceTree = "<group>";
		};
		6BCF44CB2034B62700176E6A /* LaunchScreen.storyboard */ = {
			isa = PBXVariantGroup;
			children = (
				6BCF44CC2034B62700176E6A /* Base */,
			);
			name = LaunchScreen.storyboard;
			sourceTree = "<group>";
		};
/* End PBXVariantGroup section */

/* Begin XCBuildConfiguration section */
		6BCF44CF2034B62700176E6A /* Debug */ = {
			isa = XCBuildConfiguration;
			buildSettings = {
				ALWAYS_SEARCH_USER_PATHS = NO;
				CLANG_ANALYZER_NONNULL = YES;
				CLANG_ANALYZER_NUMBER_OBJECT_CONVERSION = YES_AGGRESSIVE;
				CLANG_CXX_LANGUAGE_STANDARD = "gnu++14";
				CLANG_CXX_LIBRARY = "libc++";
				CLANG_ENABLE_MODULES = YES;
				CLANG_ENABLE_OBJC_ARC = YES;
				CLANG_WARN_BLOCK_CAPTURE_AUTORELEASING = YES;
				CLANG_WARN_BOOL_CONVERSION = YES;
				CLANG_WARN_COMMA = YES;
				CLANG_WARN_CONSTANT_CONVERSION = YES;
				CLANG_WARN_DIRECT_OBJC_ISA_USAGE = YES_ERROR;
				CLANG_WARN_DOCUMENTATION_COMMENTS = YES;
				CLANG_WARN_EMPTY_BODY = YES;
				CLANG_WARN_ENUM_CONVERSION = YES;
				CLANG_WARN_INFINITE_RECURSION = YES;
				CLANG_WARN_INT_CONVERSION = YES;
				CLANG_WARN_NON_LITERAL_NULL_CONVERSION = YES;
				CLANG_WARN_OBJC_LITERAL_CONVERSION = YES;
				CLANG_WARN_OBJC_ROOT_CLASS = YES_ERROR;
				CLANG_WARN_RANGE_LOOP_ANALYSIS = YES;
				CLANG_WARN_STRICT_PROTOTYPES = YES;
				CLANG_WARN_SUSPICIOUS_MOVE = YES;
				CLANG_WARN_UNGUARDED_AVAILABILITY = YES_AGGRESSIVE;
				CLANG_WARN_UNREACHABLE_CODE = YES;
				CLANG_WARN__DUPLICATE_METHOD_MATCH = YES;
				CODE_SIGN_IDENTITY = "iPhone Developer";
				COPY_PHASE_STRIP = NO;
				DEBUG_INFORMATION_FORMAT = dwarf;
				ENABLE_STRICT_OBJC_MSGSEND = YES;
				ENABLE_TESTABILITY = YES;
				GCC_C_LANGUAGE_STANDARD = gnu11;
				GCC_DYNAMIC_NO_PIC = NO;
				GCC_NO_COMMON_BLOCKS = YES;
				GCC_OPTIMIZATION_LEVEL = 0;
				GCC_PREPROCESSOR_DEFINITIONS = (
					"DEBUG=1",
					"$(inherited)",
				);
				GCC_WARN_64_TO_32_BIT_CONVERSION = YES;
				GCC_WARN_ABOUT_RETURN_TYPE = YES_ERROR;
				GCC_WARN_UNDECLARED_SELECTOR = YES;
				GCC_WARN_UNINITIALIZED_AUTOS = YES_AGGRESSIVE;
				GCC_WARN_UNUSED_FUNCTION = YES;
				GCC_WARN_UNUSED_VARIABLE = YES;
				IPHONEOS_DEPLOYMENT_TARGET = 11.2;
				MTL_ENABLE_DEBUG_INFO = YES;
				ONLY_ACTIVE_ARCH = YES;
				SDKROOT = iphoneos;
				SWIFT_ACTIVE_COMPILATION_CONDITIONS = DEBUG;
				SWIFT_OPTIMIZATION_LEVEL = "-Onone";
			};
			name = Debug;
		};
		6BCF44D02034B62700176E6A /* Release */ = {
			isa = XCBuildConfiguration;
			buildSettings = {
				ALWAYS_SEARCH_USER_PATHS = NO;
				CLANG_ANALYZER_NONNULL = YES;
				CLANG_ANALYZER_NUMBER_OBJECT_CONVERSION = YES_AGGRESSIVE;
				CLANG_CXX_LANGUAGE_STANDARD = "gnu++14";
				CLANG_CXX_LIBRARY = "libc++";
				CLANG_ENABLE_MODULES = YES;
				CLANG_ENABLE_OBJC_ARC = YES;
				CLANG_WARN_BLOCK_CAPTURE_AUTORELEASING = YES;
				CLANG_WARN_BOOL_CONVERSION = YES;
				CLANG_WARN_COMMA = YES;
				CLANG_WARN_CONSTANT_CONVERSION = YES;
				CLANG_WARN_DIRECT_OBJC_ISA_USAGE = YES_ERROR;
				CLANG_WARN_DOCUMENTATION_COMMENTS = YES;
				CLANG_WARN_EMPTY_BODY = YES;
				CLANG_WARN_ENUM_CONVERSION = YES;
				CLANG_WARN_INFINITE_RECURSION = YES;
				CLANG_WARN_INT_CONVERSION = YES;
				CLANG_WARN_NON_LITERAL_NULL_CONVERSION = YES;
				CLANG_WARN_OBJC_LITERAL_CONVERSION = YES;
				CLANG_WARN_OBJC_ROOT_CLASS = YES_ERROR;
				CLANG_WARN_RANGE_LOOP_ANALYSIS = YES;
				CLANG_WARN_STRICT_PROTOTYPES = YES;
				CLANG_WARN_SUSPICIOUS_MOVE = YES;
				CLANG_WARN_UNGUARDED_AVAILABILITY = YES_AGGRESSIVE;
				CLANG_WARN_UNREACHABLE_CODE = YES;
				CLANG_WARN__DUPLICATE_METHOD_MATCH = YES;
				CODE_SIGN_IDENTITY = "iPhone Developer";
				COPY_PHASE_STRIP = NO;
				DEBUG_INFORMATION_FORMAT = "dwarf-with-dsym";
				ENABLE_NS_ASSERTIONS = NO;
				ENABLE_STRICT_OBJC_MSGSEND = YES;
				GCC_C_LANGUAGE_STANDARD = gnu11;
				GCC_NO_COMMON_BLOCKS = YES;
				GCC_WARN_64_TO_32_BIT_CONVERSION = YES;
				GCC_WARN_ABOUT_RETURN_TYPE = YES_ERROR;
				GCC_WARN_UNDECLARED_SELECTOR = YES;
				GCC_WARN_UNINITIALIZED_AUTOS = YES_AGGRESSIVE;
				GCC_WARN_UNUSED_FUNCTION = YES;
				GCC_WARN_UNUSED_VARIABLE = YES;
				IPHONEOS_DEPLOYMENT_TARGET = 11.2;
				MTL_ENABLE_DEBUG_INFO = NO;
				SDKROOT = iphoneos;
				SWIFT_OPTIMIZATION_LEVEL = "-Owholemodule";
				VALIDATE_PRODUCT = YES;
			};
			name = Release;
		};
		6BCF44D22034B62700176E6A /* Debug */ = {
			isa = XCBuildConfiguration;
			buildSettings = {
				ASSETCATALOG_COMPILER_APPICON_NAME = AppIcon;
				CODE_SIGN_STYLE = Automatic;
				DEVELOPMENT_TEAM = P9KDR88775;
				INFOPLIST_FILE = CacttusEdu/Info.plist;
				LD_RUNPATH_SEARCH_PATHS = "$(inherited) @executable_path/Frameworks";
				PRODUCT_BUNDLE_IDENTIFIER = edu.cacttus.CacttusEdu;
				PRODUCT_NAME = "$(TARGET_NAME)";
				SWIFT_VERSION = 4.0;
				TARGETED_DEVICE_FAMILY = "1,2";
			};
			name = Debug;
		};
		6BCF44D32034B62700176E6A /* Release */ = {
			isa = XCBuildConfiguration;
			buildSettings = {
				ASSETCATALOG_COMPILER_APPICON_NAME = AppIcon;
				CODE_SIGN_STYLE = Automatic;
				DEVELOPMENT_TEAM = P9KDR88775;
				INFOPLIST_FILE = CacttusEdu/Info.plist;
				LD_RUNPATH_SEARCH_PATHS = "$(inherited) @executable_path/Frameworks";
				PRODUCT_BUNDLE_IDENTIFIER = edu.cacttus.CacttusEdu;
				PRODUCT_NAME = "$(TARGET_NAME)";
				SWIFT_VERSION = 4.0;
				TARGETED_DEVICE_FAMILY = "1,2";
			};
			name = Release;
		};
/* End XCBuildConfiguration section */

/* Begin XCConfigurationList section */
		6BCF44BA2034B62600176E6A /* Build configuration list for PBXProject "CacttusEdu" */ = {
			isa = XCConfigurationList;
			buildConfigurations = (
				6BCF44CF2034B62700176E6A /* Debug */,
				6BCF44D02034B62700176E6A /* Release */,
			);
			defaultConfigurationIsVisible = 0;
			defaultConfigurationName = Release;
		};
		6BCF44D12034B62700176E6A /* Build configuration list for PBXNativeTarget "CacttusEdu" */ = {
			isa = XCConfigurationList;
			buildConfigurations = (
				6BCF44D22034B62700176E6A /* Debug */,
				6BCF44D32034B62700176E6A /* Release */,
			);
			defaultConfigurationIsVisible = 0;
			defaultConfigurationName = Release;
		};
/* End XCConfigurationList section */

/* Begin XCVersionGroup section */
		6B8F8E4B207E8F7300282E01 /* CacttusEdu.xcdatamodeld */ = {
			isa = XCVersionGroup;
			children = (
				6B8F8E4C207E8F7300282E01 /* CacttusEdu.xcdatamodel */,
			);
			currentVersion = 6B8F8E4C207E8F7300282E01 /* CacttusEdu.xcdatamodel */;
			path = CacttusEdu.xcdatamodeld;
			sourceTree = "<group>";
			versionGroupType = wrapper.xcdatamodel;
		};
/* End XCVersionGroup section */
	};
	rootObject = 6BCF44B72034B62600176E6A /* Project object */;
}
